lockfileVersion: '6.0'

settings:
  autoInstallPeers: true
  excludeLinksFromLockfile: false

dependencies:
  '@prisma/client':
    specifier: ^5.4.2
    version: 5.4.2(prisma@5.4.2)
  prisma:
    specifier: ^5.4.2
    version: 5.4.2

packages:

  /@prisma/client@5.4.2(prisma@5.4.2):
    resolution: {integrity: sha512-2xsPaz4EaMKj1WS9iW6MlPhmbqtBsXAOeVttSePp8vTFTtvzh2hZbDgswwBdSCgPzmmwF+tLB259QzggvCmJqA==}
    engines: {node: '>=16.13'}
    requiresBuild: true
    peerDependencies:
      prisma: '*'
    peerDependenciesMeta:
      prisma:
        optional: true
    dependencies:
      '@prisma/engines-version': 5.4.1-2.ac9d7041ed77bcc8a8dbd2ab6616b39013829574
      prisma: 5.4.2
    dev: false

  /@prisma/engines-version@5.4.1-2.ac9d7041ed77bcc8a8dbd2ab6616b39013829574:
    resolution: {integrity: sha512-wvupDL4AA1vf4TQNANg7kR7y98ITqPsk6aacfBxZKtrJKRIsWjURHkZCGcQliHdqCiW/hGreO6d6ZuSv9MhdAA==}
    dev: false

  /@prisma/engines@5.4.2:
    resolution: {integrity: sha512-fqeucJ3LH0e1eyFdT0zRx+oETLancu5+n4lhiYECyEz6H2RDskPJHJYHkVc0LhkU4Uv7fuEnppKU3nVKNzMh8g==}
    requiresBuild: true
    dev: false

  /prisma@5.4.2:
    resolution: {integrity: sha512-GDMZwZy7mysB2oXU+angQqJ90iaPFdD0rHaZNkn+dio5NRkGLmMqmXs31//tg/qXT3iB0cTQwnGGQNuirhSTZg==}
    engines: {node: '>=16.13'}
    hasBin: true
    requiresBuild: true
    dependencies:
      '@prisma/engines': 5.4.2
    dev: false
